Microsoft Visual Studio Solution File, Format Version 12.00
# Visual Studio Version 17
VisualStudioVersion = 17.5.2.0
MinimumVisualStudioVersion = 10.0.40219.1
Project("{FAE04EC0-301F-11D3-BF4B-00C04F79EFBC}") = "ventus-server", "ventus-server.csproj", "{DC7C0951-296B-2B19-1554-D47ED24A2DA3}"
EndProject
Global
	GlobalSection(SolutionConfigurationPlatforms) = preSolution
		Debug|Any CPU = Debug|Any CPU
		Release|Any CPU = Release|Any CPU
	EndGlobalSection
	GlobalSection(ProjectConfigurationPlatforms) = postSolution
		{DC7C0951-296B-2B19-1554-D47ED24A2DA3}.Debug|Any CPU.ActiveCfg = Debug|Any CPU
		{DC7C0951-296B-2B19-1554-D47ED24A2DA3}.Debug|Any CPU.Build.0 = Debug|Any CPU
		{DC7C0951-296B-2B19-1554-D47ED24A2DA3}.Release|Any CPU.ActiveCfg = Release|Any CPU
		{DC7C0951-296B-2B19-1554-D47ED24A2DA3}.Release|Any CPU.Build.0 = Release|Any CPU
	EndGlobalSection
	GlobalSection(SolutionProperties) = preSolution
		HideSolutionNode = FALSE
	EndGlobalSection
	GlobalSection(ExtensibilityGlobals) = postSolution
		SolutionGuid = {29CF78E0-70C8-47EE-8070-32D4F3A02A85}
	EndGlobalSection
EndGlobal
